// !$*UTF8*$!
{
	archiveVersion = 1;
	classes = {
	};
	objectVersion = 48;
	objects = {

/* Begin PBXBuildFile section */
		9AF756E326F5263E76468E8B /* Pods_XXPopupView.framework in Frameworks */ = {isa = PBXBuildFile; fileRef = 0B4B79CAF207F878D6D31B1B /* Pods_XXPopupView.framework */; };
/* End PBXBuildFile section */

/* Begin PBXFileReference section */
		03CE0DBA1F9321FA004C5AC6 /* XXPopupView.app */ = {isa = PBXFileReference; explicitFileType = wrapper.application; includeInIndex = 0; path = XXPopupView.app; sourceTree = BUILT_PRODUCTS_DIR; };
		03ECA2B91F98F73000B880FF /* Base */ = {isa = PBXFileReference; lastKnownFileType = file.storyboard; name = Base; path = LaunchScreen.storyboard; sourceTree = "<group>"; };
		03ECA2BB1F98F73000B880FF /* Base */ = {isa = PBXFileReference; lastKnownFileType = file.storyboard; name = Base; path = Main.storyboard; sourceTree = "<group>"; };
		03ECA2BC1F98F73000B880FF /* Assets.xcassets */ = {isa = PBXFileReference; lastKnownFileType = folder.assetcatalog; path = Assets.xcassets; sourceTree = "<group>"; };
		03ECA2BD1F98F73000B880FF /* AppDelegate.swift */ = {isa = PBXFileReference; lastKnownFileType = sourcecode.swift; path = AppDelegate.swift; sourceTree = "<group>"; };
		03ECA2BE1F98F73000B880FF /* ViewController.swift */ = {isa = PBXFileReference; lastKnownFileType = sourcecode.swift; path = ViewController.swift; sourceTree = "<group>"; };
		03ECA2BF1F98F73000B880FF /* Info.plist */ = {isa = PBXFileReference; lastKnownFileType = text.plist.xml; path = Info.plist; sourceTree = "<group>"; };
		03ECA2C11F98F76F00B880FF /* XXAlertView.swift */ = {isa = PBXFileReference; lastKnownFileType = sourcecode.swift; path = XXAlertView.swift; sourceTree = "<group>"; };
		03ECA2C21F98F76F00B880FF /* XXPopupCategory.swift */ = {isa = PBXFileReference; lastKnownFileType = sourcecode.swift; path = XXPopupCategory.swift; sourceTree = "<group>"; };
		03ECA2C31F98F76F00B880FF /* XXPopupItem.swift */ = {isa = PBXFileReference; lastKnownFileType = sourcecode.swift; path = XXPopupItem.swift; sourceTree = "<group>"; };
		03ECA2C41F98F76F00B880FF /* XXPopupView.swift */ = {isa = PBXFileReference; lastKnownFileType = sourcecode.swift; path = XXPopupView.swift; sourceTree = "<group>"; };
		03ECA2C51F98F76F00B880FF /* XXPopupWindow.swift */ = {isa = PBXFileReference; lastKnownFileType = sourcecode.swift; path = XXPopupWindow.swift; sourceTree = "<group>"; };
		03ECA2C61F98F76F00B880FF /* XXSheetView.swift */ = {isa = PBXFileReference; lastKnownFileType = sourcecode.swift; path = XXSheetView.swift; sourceTree = "<group>"; };
		0B4B79CAF207F878D6D31B1B /* Pods_XXPopupView.framework */ = {isa = PBXFileReference; explicitFileType = wrapper.framework; includeInIndex = 0; path = Pods_XXPopupView.framework; sourceTree = BUILT_PRODUCTS_DIR; };
		AC4A95160ACA0758DA06FA10 /* Pods-XXPopupView.release.xcconfig */ = {isa = PBXFileReference; includeInIndex = 1; lastKnownFileType = text.xcconfig; name = "Pods-XXPopupView.release.xcconfig"; path = "Pods/Target Support Files/Pods-XXPopupView/Pods-XXPopupView.release.xcconfig"; sourceTree = "<group>"; };
		EDB4071F117151E679C7C271 /* Pods-XXPopupView.debug.xcconfig */ = {isa = PBXFileReference; includeInIndex = 1; lastKnownFileType = text.xcconfig; name = "Pods-XXPopupView.debug.xcconfig"; path = "Pods/Target Support Files/Pods-XXPopupView/Pods-XXPopupView.debug.xcconfig"; sourceTree = "<group>"; };
/* End PBXFileReference section */

/* Begin PBXFrameworksBuildPhase section */
		03CE0DB71F9321FA004C5AC6 /* Frameworks */ = {
			isa = PBXFrameworksBuildPhase;
			buildActionMask = 2147483647;
			files = (
				9AF756E326F5263E76468E8B /* Pods_XXPopupView.framework in Frameworks */,
			);
			runOnlyForDeploymentPostprocessing = 0;
		};
/* End PBXFrameworksBuildPhase section */

/* Begin PBXGroup section */
		03CE0DB11F9321FA004C5AC6 = {
			isa = PBXGroup;
			children = (
				03CE0DBC1F9321FA004C5AC6 /* XXPopupView */,
				03CE0DBB1F9321FA004C5AC6 /* Products */,
				B80EFB808F276CCFF5877CE2 /* Pods */,
				514F4EC3ECD47C62779FD638 /* Frameworks */,
			);
			sourceTree = "<group>";
		};
		03CE0DBB1F9321FA004C5AC6 /* Products */ = {
			isa = PBXGroup;
			children = (
				03CE0DBA1F9321FA004C5AC6 /* XXPopupView.app */,
			);
			name = Products;
			sourceTree = "<group>";
		};
		03CE0DBC1F9321FA004C5AC6 /* XXPopupView */ = {
			isa = PBXGroup;
			children = (
				03ECA2C01F98F76F00B880FF /* Classes */,
				03ECA2BD1F98F73000B880FF /* AppDelegate.swift */,
				03ECA2BC1F98F73000B880FF /* Assets.xcassets */,
				03ECA2B71F98F73000B880FF /* Base.lproj */,
				03ECA2BF1F98F73000B880FF /* Info.plist */,
				03ECA2BE1F98F73000B880FF /* ViewController.swift */,
			);
			path = XXPopupView;
			sourceTree = "<group>";
		};
		03ECA2B71F98F73000B880FF /* Base.lproj */ = {
			isa = PBXGroup;
			children = (
				03ECA2B81F98F73000B880FF /* LaunchScreen.storyboard */,
				03ECA2BA1F98F73000B880FF /* Main.storyboard */,
			);
			path = Base.lproj;
			sourceTree = "<group>";
		};
		03ECA2C01F98F76F00B880FF /* Classes */ = {
			isa = PBXGroup;
			children = (
				03ECA2C11F98F76F00B880FF /* XXAlertView.swift */,
				03ECA2C21F98F76F00B880FF /* XXPopupCategory.swift */,
				03ECA2C31F98F76F00B880FF /* XXPopupItem.swift */,
				03ECA2C41F98F76F00B880FF /* XXPopupView.swift */,
				03ECA2C51F98F76F00B880FF /* XXPopupWindow.swift */,
				03ECA2C61F98F76F00B880FF /* XXSheetView.swift */,
			);
			path = Classes;
			sourceTree = SOURCE_ROOT;
		};
		514F4EC3ECD47C62779FD638 /* Frameworks */ = {
			isa = PBXGroup;
			children = (
				0B4B79CAF207F878D6D31B1B /* Pods_XXPopupView.framework */,
			);
			name = Frameworks;
			sourceTree = "<group>";
		};
		B80EFB808F276CCFF5877CE2 /* Pods */ = {
			isa = PBXGroup;
			children = (
				EDB4071F117151E679C7C271 /* Pods-XXPopupView.debug.xcconfig */,
				AC4A95160ACA0758DA06FA10 /* Pods-XXPopupView.release.xcconfig */,
			);
			name = Pods;
			sourceTree = "<group>";
		};
/* End PBXGroup section */

/* Begin PBXNativeTarget section */
		03CE0DB91F9321FA004C5AC6 /* XXPopupView */ = {
			isa = PBXNativeTarget;
			buildConfigurationList = 03CE0DCC1F9321FA004C5AC6 /* Build configuration list for PBXNativeTarget "XXPopupView" */;
			buildPhases = (
				2300DF5C3C0FA87031CAE823 /* [CP] Check Pods Manifest.lock */,
				03CE0DB61F9321FA004C5AC6 /* Sources */,
				03CE0DB71F9321FA004C5AC6 /* Frameworks */,
				03CE0DB81F9321FA004C5AC6 /* Resources */,
				5C281306FE67D3FF358CBBB5 /* [CP] Embed Pods Frameworks */,
				1C51CABF01DFEEB230D94BBE /* [CP] Copy Pods Resources */,
			);
			buildRules = (
			);
			dependencies = (
			);
			name = XXPopupView;
			productName = XXPopupView;
			productReference = 03CE0DBA1F9321FA004C5AC6 /* XXPopupView.app */;
			productType = "com.apple.product-type.application";
		};
/* End PBXNativeTarget section */

/* Begin PBXProject section */
		03CE0DB21F9321FA004C5AC6 /* Project object */ = {
			isa = PBXProject;
			attributes = {
				LastSwiftUpdateCheck = 0900;
				LastUpgradeCheck = 0900;
				ORGANIZATIONNAME = tsing;
				TargetAttributes = {
					03CE0DB91F9321FA004C5AC6 = {
						CreatedOnToolsVersion = 9.0;
						LastSwiftMigration = 0900;
						ProvisioningStyle = Automatic;
					};
				};
			};
			buildConfigurationList = 03CE0DB51F9321FA004C5AC6 /* Build configuration list for PBXProject "XXPopupView" */;
			compatibilityVersion = "Xcode 8.0";
			developmentRegion = en;
			hasScannedForEncodings = 0;
			knownRegions = (
				en,
				Base,
			);
			mainGroup = 03CE0DB11F9321FA004C5AC6;
			productRefGroup = 03CE0DBB1F9321FA004C5AC6 /* Products */;
			projectDirPath = "";
			projectRoot = "";
			targets = (
				03CE0DB91F9321FA004C5AC6 /* XXPopupView */,
			);
		};
/* End PBXProject section */

/* Begin PBXResourcesBuildPhase section */
		03CE0DB81F9321FA004C5AC6 /* Resources */ = {
			isa = PBXResourcesBuildPhase;
			buildActionMask = 2147483647;
			files = (
			);
			runOnlyForDeploymentPostprocessing = 0;
		};
/* End PBXResourcesBuildPhase section */

/* Begin PBXShellScriptBuildPhase section */
		1C51CABF01DFEEB230D94BBE /* [CP] Copy Pods Resources */ = {
			isa = PBXShellScriptBuildPhase;
			buildActionMask = 2147483647;
			files = (
			);
			inputPaths = (
			);
			name = "[CP] Copy Pods Resources";
			outputPaths = (
			);
			runOnlyForDeploymentPostprocessing = 0;
			shellPath = /bin/sh;
			shellScript = "\"${SRCROOT}/Pods/Target Support Files/Pods-XXPopupView/Pods-XXPopupView-resources.sh\"\n";
			showEnvVarsInLog = 0;
		};
		2300DF5C3C0FA87031CAE823 /* [CP] Check Pods Manifest.lock */ = {
			isa = PBXShellScriptBuildPhase;
			buildActionMask = 2147483647;
			files = (
			);
			inputPaths = (
				"${PODS_PODFILE_DIR_PATH}/Podfile.lock",
				"${PODS_ROOT}/Manifest.lock",
			);
			name = "[CP] Check Pods Manifest.lock";
			outputPaths = (
				"$(DERIVED_FILE_DIR)/Pods-XXPopupView-checkManifestLockResult.txt",
			);
			runOnlyForDeploymentPostprocessing = 0;
			shellPath = /bin/sh;
			shellScript = "diff \"${PODS_PODFILE_DIR_PATH}/Podfile.lock\" \"${PODS_ROOT}/Manifest.lock\" > /dev/null\nif [ $? != 0 ] ; then\n    # print error to STDERR\n    echo \"error: The sandbox is not in sync with the Podfile.lock. Run 'pod install' or update your CocoaPods installation.\" >&2\n    exit 1\nfi\n# This output is used by Xcode 'outputs' to avoid re-running this script phase.\necho \"SUCCESS\" > \"${SCRIPT_OUTPUT_FILE_0}\"\n";
			showEnvVarsInLog = 0;
		};
		5C281306FE67D3FF358CBBB5 /* [CP] Embed Pods Frameworks */ = {
			isa = PBXShellScriptBuildPhase;
			buildActionMask = 2147483647;
			files = (
			);
			inputPaths = (
				"${SRCROOT}/Pods/Target Support Files/Pods-XXPopupView/Pods-XXPopupView-frameworks.sh",
				"${BUILT_PRODUCTS_DIR}/SnapKit/SnapKit.framework",
			);
			name = "[CP] Embed Pods Frameworks";
			outputPaths = (
				"${TARGET_BUILD_DIR}/${FRAMEWORKS_FOLDER_PATH}/SnapKit.framework",
			);
			runOnlyForDeploymentPostprocessing = 0;
			shellPath = /bin/sh;
			shellScript = "\"${SRCROOT}/Pods/Target Support Files/Pods-XXPopupView/Pods-XXPopupView-frameworks.sh\"\n";
			showEnvVarsInLog = 0;
		};
/* End PBXShellScriptBuildPhase section */

/* Begin PBXSourcesBuildPhase section */
		03CE0DB61F9321FA004C5AC6 /* Sources */ = {
			isa = PBXSourcesBuildPhase;
			buildActionMask = 2147483647;
			files = (
			);
			runOnlyForDeploymentPostprocessing = 0;
		};
/* End PBXSourcesBuildPhase section */

/* Begin PBXVariantGroup section */
		03ECA2B81F98F73000B880FF /* LaunchScreen.storyboard */ = {
			isa = PBXVariantGroup;
			children = (
				03ECA2B91F98F73000B880FF /* Base */,
			);
			name = LaunchScreen.storyboard;
			sourceTree = "<group>";
		};
		03ECA2BA1F98F73000B880FF /* Main.storyboard */ = {
			isa = PBXVariantGroup;
			children = (
				03ECA2BB1F98F73000B880FF /* Base */,
			);
			name = Main.storyboard;
			sourceTree = "<group>";
		};
/* End PBXVariantGroup section */

/* Begin XCBuildConfiguration section */
		03CE0DCA1F9321FA004C5AC6 /* Debug */ = {
			isa = XCBuildConfiguration;
			buildSettings = {
				ALWAYS_SEARCH_USER_PATHS = NO;
				CLANG_ANALYZER_NONNULL = YES;
				CLANG_ANALYZER_NUMBER_OBJECT_CONVERSION = YES_AGGRESSIVE;
				CLANG_CXX_LANGUAGE_STANDARD = "gnu++14";
				CLANG_CXX_LIBRARY = "libc++";
				CLANG_ENABLE_MODULES = YES;
				CLANG_ENABLE_OBJC_ARC = YES;
				CLANG_WARN_BLOCK_CAPTURE_AUTORELEASING = YES;
				CLANG_WARN_BOOL_CONVERSION = YES;
				CLANG_WARN_COMMA = YES;
				CLANG_WARN_CONSTANT_CONVERSION = YES;
				CLANG_WARN_DIRECT_OBJC_ISA_USAGE = YES_ERROR;
				CLANG_WARN_DOCUMENTATION_COMMENTS = YES;
				CLANG_WARN_EMPTY_BODY = YES;
				CLANG_WARN_ENUM_CONVERSION = YES;
				CLANG_WARN_INFINITE_RECURSION = YES;
				CLANG_WARN_INT_CONVERSION = YES;
				CLANG_WARN_NON_LITERAL_NULL_CONVERSION = YES;
				CLANG_WARN_OBJC_LITERAL_CONVERSION = YES;
				CLANG_WARN_OBJC_ROOT_CLASS = YES_ERROR;
				CLANG_WARN_RANGE_LOOP_ANALYSIS = YES;
				CLANG_WARN_STRICT_PROTOTYPES = YES;
				CLANG_WARN_SUSPICIOUS_MOVE = YES;
				CLANG_WARN_UNGUARDED_AVAILABILITY = YES_AGGRESSIVE;
				CLANG_WARN_UNREACHABLE_CODE = YES;
				CLANG_WARN__DUPLICATE_METHOD_MATCH = YES;
				CODE_SIGN_IDENTITY = "iPhone Developer";
				COPY_PHASE_STRIP = NO;
				DEBUG_INFORMATION_FORMAT = dwarf;
				ENABLE_STRICT_OBJC_MSGSEND = YES;
				ENABLE_TESTABILITY = YES;
				GCC_C_LANGUAGE_STANDARD = gnu11;
				GCC_DYNAMIC_NO_PIC = NO;
				GCC_NO_COMMON_BLOCKS = YES;
				GCC_OPTIMIZATION_LEVEL = 0;
				GCC_PREPROCESSOR_DEFINITIONS = (
					"DEBUG=1",
					"$(inherited)",
				);
				GCC_WARN_64_TO_32_BIT_CONVERSION = YES;
				GCC_WARN_ABOUT_RETURN_TYPE = YES_ERROR;
				GCC_WARN_UNDECLARED_SELECTOR = YES;
				GCC_WARN_UNINITIALIZED_AUTOS = YES_AGGRESSIVE;
				GCC_WARN_UNUSED_FUNCTION = YES;
				GCC_WARN_UNUSED_VARIABLE = YES;
				IPHONEOS_DEPLOYMENT_TARGET = 11.0;
				MTL_ENABLE_DEBUG_INFO = YES;
				ONLY_ACTIVE_ARCH = YES;
				SDKROOT = iphoneos;
				SWIFT_ACTIVE_COMPILATION_CONDITIONS = DEBUG;
				SWIFT_OPTIMIZATION_LEVEL = "-Onone";
			};
			name = Debug;
		};
		03CE0DCB1F9321FA004C5AC6 /* Release */ = {
			isa = XCBuildConfiguration;
			buildSettings = {
				ALWAYS_SEARCH_USER_PATHS = NO;
				CLANG_ANALYZER_NONNULL = YES;
				CLANG_ANALYZER_NUMBER_OBJECT_CONVERSION = YES_AGGRESSIVE;
				CLANG_CXX_LANGUAGE_STANDARD = "gnu++14";
				CLANG_CXX_LIBRARY = "libc++";
				CLANG_ENABLE_MODULES = YES;
				CLANG_ENABLE_OBJC_ARC = YES;
				CLANG_WARN_BLOCK_CAPTURE_AUTORELEASING = YES;
				CLANG_WARN_BOOL_CONVERSION = YES;
				CLANG_WARN_COMMA = YES;
				CLANG_WARN_CONSTANT_CONVERSION = YES;
				CLANG_WARN_DIRECT_OBJC_ISA_USAGE = YES_ERROR;
				CLANG_WARN_DOCUMENTATION_COMMENTS = YES;
				CLANG_WARN_EMPTY_BODY = YES;
				CLANG_WARN_ENUM_CONVERSION = YES;
				CLANG_WARN_INFINITE_RECURSION = YES;
				CLANG_WARN_INT_CONVERSION = YES;
				CLANG_WARN_NON_LITERAL_NULL_CONVERSION = YES;
				CLANG_WARN_OBJC_LITERAL_CONVERSION = YES;
				CLANG_WARN_OBJC_ROOT_CLASS = YES_ERROR;
				CLANG_WARN_RANGE_LOOP_ANALYSIS = YES;
				CLANG_WARN_STRICT_PROTOTYPES = YES;
				CLANG_WARN_SUSPICIOUS_MOVE = YES;
				CLANG_WARN_UNGUARDED_AVAILABILITY = YES_AGGRESSIVE;
				CLANG_WARN_UNREACHABLE_CODE = YES;
				CLANG_WARN__DUPLICATE_METHOD_MATCH = YES;
				CODE_SIGN_IDENTITY = "iPhone Developer";
				COPY_PHASE_STRIP = NO;
				DEBUG_INFORMATION_FORMAT = "dwarf-with-dsym";
				ENABLE_NS_ASSERTIONS = NO;
				ENABLE_STRICT_OBJC_MSGSEND = YES;
				GCC_C_LANGUAGE_STANDARD = gnu11;
				GCC_NO_COMMON_BLOCKS = YES;
				GCC_WARN_64_TO_32_BIT_CONVERSION = YES;
				GCC_WARN_ABOUT_RETURN_TYPE = YES_ERROR;
				GCC_WARN_UNDECLARED_SELECTOR = YES;
				GCC_WARN_UNINITIALIZED_AUTOS = YES_AGGRESSIVE;
				GCC_WARN_UNUSED_FUNCTION = YES;
				GCC_WARN_UNUSED_VARIABLE = YES;
				IPHONEOS_DEPLOYMENT_TARGET = 11.0;
				MTL_ENABLE_DEBUG_INFO = NO;
				SDKROOT = iphoneos;
				SWIFT_OPTIMIZATION_LEVEL = "-Owholemodule";
				VALIDATE_PRODUCT = YES;
			};
			name = Release;
		};
		03CE0DCD1F9321FA004C5AC6 /* Debug */ = {
			isa = XCBuildConfiguration;
			baseConfigurationReference = EDB4071F117151E679C7C271 /* Pods-XXPopupView.debug.xcconfig */;
			buildSettings = {
				ASSETCATALOG_COMPILER_APPICON_NAME = AppIcon;
				CLANG_ENABLE_MODULES = YES;
				CODE_SIGN_STYLE = Automatic;
				INFOPLIST_FILE = XXPopupView/Info.plist;
				LD_RUNPATH_SEARCH_PATHS = "$(inherited) @executable_path/Frameworks";
				PRODUCT_BUNDLE_IDENTIFIER = com.tsing.XXPopupView;
				PRODUCT_NAME = "$(TARGET_NAME)";
				SWIFT_OPTIMIZATION_LEVEL = "-Onone";
				SWIFT_VERSION = 4.0;
				TARGETED_DEVICE_FAMILY = "1,2";
			};
			name = Debug;
		};
		03CE0DCE1F9321FA004C5AC6 /* Release */ = {
			isa = XCBuildConfiguration;
			baseConfigurationReference = AC4A95160ACA0758DA06FA10 /* Pods-XXPopupView.release.xcconfig */;
			buildSettings = {
				ASSETCATALOG_COMPILER_APPICON_NAME = AppIcon;
				CLANG_ENABLE_MODULES = YES;
				CODE_SIGN_STYLE = Automatic;
				INFOPLIST_FILE = XXPopupView/Info.plist;
				LD_RUNPATH_SEARCH_PATHS = "$(inherited) @executable_path/Frameworks";
				PRODUCT_BUNDLE_IDENTIFIER = com.tsing.XXPopupView;
				PRODUCT_NAME = "$(TARGET_NAME)";
				SWIFT_VERSION = 4.0;
				TARGETED_DEVICE_FAMILY = "1,2";
			};
			name = Release;
		};
/* End XCBuildConfiguration section */

/* Begin XCConfigurationList section */
		03CE0DB51F9321FA004C5AC6 /* Build configuration list for PBXProject "XXPopupView" */ = {
			isa = XCConfigurationList;
			buildConfigurations = (
				03CE0DCA1F9321FA004C5AC6 /* Debug */,
				03CE0DCB1F9321FA004C5AC6 /* Release */,
			);
			defaultConfigurationIsVisible = 0;
			defaultConfigurationName = Release;
		};
		03CE0DCC1F9321FA004C5AC6 /* Build configuration list for PBXNativeTarget "XXPopupView" */ = {
			isa = XCConfigurationList;
			buildConfigurations = (
				03CE0DCD1F9321FA004C5AC6 /* Debug */,
				03CE0DCE1F9321FA004C5AC6 /* Release */,
			);
			defaultConfigurationIsVisible = 0;
			defaultConfigurationName = Release;
		};
/* End XCConfigurationList section */
	};
	rootObject = 03CE0DB21F9321FA004C5AC6 /* Project object */;
}
